
Microsoft Visual Studio Solution File, Format Version 12.00
# Visual Studio Version 17
VisualStudioVersion = 17.5.002.0
MinimumVisualStudioVersion = 10.0.40219.1
Project("{9A19103F-16F7-4668-BE54-9A1E7A4F7556}") = "CadastroLivrosPOO", "CadastroLivrosPOO.csproj", "{473009C1-326A-4F80-97A4-E47A741163EB}"
EndProject
Global
	GlobalSection(SolutionConfigurationPlatforms) = preSolution
		Debug|Any CPU = Debug|Any CPU
		Release|Any CPU = Release|Any CPU
	EndGlobalSection
	GlobalSection(ProjectConfigurationPlatforms) = postSolution
		{473009C1-326A-4F80-97A4-E47A741163EB}.Debug|Any CPU.ActiveCfg = Debug|Any CPU
		{473009C1-326A-4F80-97A4-E47A741163EB}.Debug|Any CPU.Build.0 = Debug|Any CPU
		{473009C1-326A-4F80-97A4-E47A741163EB}.Release|Any CPU.ActiveCfg = Release|Any CPU
		{473009C1-326A-4F80-97A4-E47A741163EB}.Release|Any CPU.Build.0 = Release|Any CPU
	EndGlobalSection
	GlobalSection(SolutionProperties) = preSolution
		HideSolutionNode = FALSE
	EndGlobalSection
	GlobalSection(ExtensibilityGlobals) = postSolution
		SolutionGuid = {B90C4F75-876E-4C31-AC0A-CE772B13D45B}
	EndGlobalSection
EndGlobal
